
Microsoft Visual Studio Solution File, Format Version 12.00
# Visual Studio Version 17
VisualStudioVersion = 17.10.34928.147
MinimumVisualStudioVersion = 10.0.40219.1
Project("{FAE04EC0-301F-11D3-BF4B-00C04F79EFBC}") = "AbsFactoryApp", "AbsFactoryApp\AbsFactoryApp.csproj", "{53BF62B3-8015-459B-BCC3-9B93CFB50B16}"
EndProject
Project("{FAE04EC0-301F-11D3-BF4B-00C04F79EFBC}") = "DeviceFactoryLibrary", "DeviceFactoryLibrary\DeviceFactoryLibrary.csproj", "{0057163B-2B0B-4113-A411-81DC2C68BF4B}"
EndProject
Global
	GlobalSection(SolutionConfigurationPlatforms) = preSolution
		Debug|Any CPU = Debug|Any CPU
		Release|Any CPU = Release|Any CPU
	EndGlobalSection
	GlobalSection(ProjectConfigurationPlatforms) = postSolution
		{53BF62B3-8015-459B-BCC3-9B93CFB50B16}.Debug|Any CPU.ActiveCfg = Debug|Any CPU
		{53BF62B3-8015-459B-BCC3-9B93CFB50B16}.Debug|Any CPU.Build.0 = Debug|Any CPU
		{53BF62B3-8015-459B-BCC3-9B93CFB50B16}.Release|Any CPU.ActiveCfg = Release|Any CPU
		{53BF62B3-8015-459B-BCC3-9B93CFB50B16}.Release|Any CPU.Build.0 = Release|Any CPU
		{0057163B-2B0B-4113-A411-81DC2C68BF4B}.Debug|Any CPU.ActiveCfg = Debug|Any CPU
		{0057163B-2B0B-4113-A411-81DC2C68BF4B}.Debug|Any CPU.Build.0 = Debug|Any CPU
		{0057163B-2B0B-4113-A411-81DC2C68BF4B}.Release|Any CPU.ActiveCfg = Release|Any CPU
		{0057163B-2B0B-4113-A411-81DC2C68BF4B}.Release|Any CPU.Build.0 = Release|Any CPU
	EndGlobalSection
	GlobalSection(SolutionProperties) = preSolution
		HideSolutionNode = FALSE
	EndGlobalSection
	GlobalSection(ExtensibilityGlobals) = postSolution
		SolutionGuid = {84989417-51EF-4334-9365-449940DE264E}
	EndGlobalSection
EndGlobal
