
Microsoft Visual Studio Solution File, Format Version 12.00
# Visual Studio Version 17
VisualStudioVersion = 17.10.34928.147
MinimumVisualStudioVersion = 10.0.40219.1
Project("{FAE04EC0-301F-11D3-BF4B-00C04F79EFBC}") = "Bridge", "Bridge\Bridge.csproj", "{D969214D-55EF-4AC2-82F6-B1A7A6CCB782}"
EndProject
Project("{FAE04EC0-301F-11D3-BF4B-00C04F79EFBC}") = "Rendering", "Rendering\Rendering.csproj", "{03C89A87-C46E-4F23-A46C-779982BBC848}"
EndProject
Project("{FAE04EC0-301F-11D3-BF4B-00C04F79EFBC}") = "Shapes", "Shapes\Shapes.csproj", "{34746A72-4444-40BE-A15F-2F2B96109C1F}"
EndProject
Global
	GlobalSection(SolutionConfigurationPlatforms) = preSolution
		Debug|Any CPU = Debug|Any CPU
		Release|Any CPU = Release|Any CPU
	EndGlobalSection
	GlobalSection(ProjectConfigurationPlatforms) = postSolution
		{D969214D-55EF-4AC2-82F6-B1A7A6CCB782}.Debug|Any CPU.ActiveCfg = Debug|Any CPU
		{D969214D-55EF-4AC2-82F6-B1A7A6CCB782}.Debug|Any CPU.Build.0 = Debug|Any CPU
		{D969214D-55EF-4AC2-82F6-B1A7A6CCB782}.Release|Any CPU.ActiveCfg = Release|Any CPU
		{D969214D-55EF-4AC2-82F6-B1A7A6CCB782}.Release|Any CPU.Build.0 = Release|Any CPU
		{03C89A87-C46E-4F23-A46C-779982BBC848}.Debug|Any CPU.ActiveCfg = Debug|Any CPU
		{03C89A87-C46E-4F23-A46C-779982BBC848}.Debug|Any CPU.Build.0 = Debug|Any CPU
		{03C89A87-C46E-4F23-A46C-779982BBC848}.Release|Any CPU.ActiveCfg = Release|Any CPU
		{03C89A87-C46E-4F23-A46C-779982BBC848}.Release|Any CPU.Build.0 = Release|Any CPU
		{34746A72-4444-40BE-A15F-2F2B96109C1F}.Debug|Any CPU.ActiveCfg = Debug|Any CPU
		{34746A72-4444-40BE-A15F-2F2B96109C1F}.Debug|Any CPU.Build.0 = Debug|Any CPU
		{34746A72-4444-40BE-A15F-2F2B96109C1F}.Release|Any CPU.ActiveCfg = Release|Any CPU
		{34746A72-4444-40BE-A15F-2F2B96109C1F}.Release|Any CPU.Build.0 = Release|Any CPU
	EndGlobalSection
	GlobalSection(SolutionProperties) = preSolution
		HideSolutionNode = FALSE
	EndGlobalSection
	GlobalSection(ExtensibilityGlobals) = postSolution
		SolutionGuid = {4CB7E2CE-9144-4093-8418-A39E50F345FA}
	EndGlobalSection
EndGlobal
