
Microsoft Visual Studio Solution File, Format Version 12.00
# Visual Studio Version 17
VisualStudioVersion = 17.10.34928.147
MinimumVisualStudioVersion = 10.0.40219.1
Project("{9A19103F-16F7-4668-BE54-9A1E7A4F7556}") = "Flyweight", "Flyweight\Flyweight.csproj", "{0CA2CFBD-C482-4FFD-B03C-499F56585D96}"
EndProject
Project("{9A19103F-16F7-4668-BE54-9A1E7A4F7556}") = "FlyweightLib", "FlyweightLib\FlyweightLib.csproj", "{90D98A81-DF2B-40E3-99F3-60889E4DD841}"
EndProject
Project("{FAE04EC0-301F-11D3-BF4B-00C04F79EFBC}") = "CompositeLib", "CompositeLib\CompositeLib.csproj", "{709433B8-8152-4751-8CD0-F161AAB6E738}"
EndProject
Global
	GlobalSection(SolutionConfigurationPlatforms) = preSolution
		Debug|Any CPU = Debug|Any CPU
		Release|Any CPU = Release|Any CPU
	EndGlobalSection
	GlobalSection(ProjectConfigurationPlatforms) = postSolution
		{0CA2CFBD-C482-4FFD-B03C-499F56585D96}.Debug|Any CPU.ActiveCfg = Debug|Any CPU
		{0CA2CFBD-C482-4FFD-B03C-499F56585D96}.Debug|Any CPU.Build.0 = Debug|Any CPU
		{0CA2CFBD-C482-4FFD-B03C-499F56585D96}.Release|Any CPU.ActiveCfg = Release|Any CPU
		{0CA2CFBD-C482-4FFD-B03C-499F56585D96}.Release|Any CPU.Build.0 = Release|Any CPU
		{90D98A81-DF2B-40E3-99F3-60889E4DD841}.Debug|Any CPU.ActiveCfg = Debug|Any CPU
		{90D98A81-DF2B-40E3-99F3-60889E4DD841}.Debug|Any CPU.Build.0 = Debug|Any CPU
		{90D98A81-DF2B-40E3-99F3-60889E4DD841}.Release|Any CPU.ActiveCfg = Release|Any CPU
		{90D98A81-DF2B-40E3-99F3-60889E4DD841}.Release|Any CPU.Build.0 = Release|Any CPU
		{709433B8-8152-4751-8CD0-F161AAB6E738}.Debug|Any CPU.ActiveCfg = Debug|Any CPU
		{709433B8-8152-4751-8CD0-F161AAB6E738}.Debug|Any CPU.Build.0 = Debug|Any CPU
		{709433B8-8152-4751-8CD0-F161AAB6E738}.Release|Any CPU.ActiveCfg = Release|Any CPU
		{709433B8-8152-4751-8CD0-F161AAB6E738}.Release|Any CPU.Build.0 = Release|Any CPU
	EndGlobalSection
	GlobalSection(SolutionProperties) = preSolution
		HideSolutionNode = FALSE
	EndGlobalSection
	GlobalSection(ExtensibilityGlobals) = postSolution
		SolutionGuid = {0F797C02-E5D8-48A1-BE99-DA0059FE08AC}
	EndGlobalSection
EndGlobal
